
Microsoft Visual Studio Solution File, Format Version 12.00
# Visual Studio Version 16
VisualStudioVersion = 16.0.29418.71
MinimumVisualStudioVersion = 10.0.40219.1
Project("{FAE04EC0-301F-11D3-BF4B-00C04F79EFBC}") = "HomeProject", "HomeProject\HomeProject.csproj", "{90193F15-F862-4F35-B916-B97A35B8265A}"
EndProject
Global
	GlobalSection(SolutionConfigurationPlatforms) = preSolution
		Debug|Any CPU = Debug|Any CPU
		Release|Any CPU = Release|Any CPU
	EndGlobalSection
	GlobalSection(ProjectConfigurationPlatforms) = postSolution
		{90193F15-F862-4F35-B916-B97A35B8265A}.Debug|Any CPU.ActiveCfg = Debug|Any CPU
		{90193F15-F862-4F35-B916-B97A35B8265A}.Debug|Any CPU.Build.0 = Debug|Any CPU
		{90193F15-F862-4F35-B916-B97A35B8265A}.Release|Any CPU.ActiveCfg = Release|Any CPU
		{90193F15-F862-4F35-B916-B97A35B8265A}.Release|Any CPU.Build.0 = Release|Any CPU
	EndGlobalSection
	GlobalSection(SolutionProperties) = preSolution
		HideSolutionNode = FALSE
	EndGlobalSection
	GlobalSection(ExtensibilityGlobals) = postSolution
		SolutionGuid = {AB11AD94-BFA5-483E-9B39-E42D5EA6B195}
	EndGlobalSection
EndGlobal
